
Microsoft Visual Studio Solution File, Format Version 12.00
# Visual Studio Version 16
VisualStudioVersion = 16.0.31911.196
MinimumVisualStudioVersion = 10.0.40219.1
Project("{9A19103F-16F7-4668-BE54-9A1E7A4F7556}") = "Smartium.Web", "Smartium.Web\Smartium.Web.csproj", "{07D71D0B-BA17-44F1-8FFF-C2B741E17269}"
EndProject
Project("{9A19103F-16F7-4668-BE54-9A1E7A4F7556}") = "Imitator", "Imitator\Imitator.csproj", "{B839BBB5-761F-4E69-8E5B-8CA803354E6C}"
EndProject
Project("{9A19103F-16F7-4668-BE54-9A1E7A4F7556}") = "Imitator.Tests", "Imitator.Tests\Imitator.Tests.csproj", "{C0F81DFA-346E-4077-AA82-B293871F0AAB}"
EndProject
Project("{9A19103F-16F7-4668-BE54-9A1E7A4F7556}") = "Smartium.Models", "Smartium.Models\Smartium.Models.csproj", "{EF5EECB1-2144-410B-B66C-733294559E43}"
EndProject
Project("{FAE04EC0-301F-11D3-BF4B-00C04F79EFBC}") = "Smartium.Core", "Smartium.Core\Smartium.Core.csproj", "{0DE5AFEF-7A37-467A-A103-69026D35AC9F}"
EndProject
Project("{FAE04EC0-301F-11D3-BF4B-00C04F79EFBC}") = "Smartium.Domain", "Smartium.Domain\Smartium.Domain.csproj", "{AB65399F-C825-432D-8F3F-DDC96EF65541}"
EndProject
Project("{FAE04EC0-301F-11D3-BF4B-00C04F79EFBC}") = "Smartium.DAL", "Smartium.DAL\Smartium.DAL.csproj", "{08968EE2-E875-46D0-A13D-F76B809F986C}"
EndProject
Project("{2150E333-8FDC-42A3-9474-1A3956D46DE8}") = "Tests", "Tests", "{6411121D-3224-4955-9A54-7C8ED1410E76}"
EndProject
Project("{2150E333-8FDC-42A3-9474-1A3956D46DE8}") = "Backend", "Backend", "{CF80AF59-A9BB-4789-B7B6-B7A45FF38B79}"
EndProject
Project("{2150E333-8FDC-42A3-9474-1A3956D46DE8}") = "Web", "Web", "{58D2E262-1F20-43F5-BC1F-C0C47B0BEEFE}"
EndProject
Global
	GlobalSection(SolutionConfigurationPlatforms) = preSolution
		Debug|Any CPU = Debug|Any CPU
		Release|Any CPU = Release|Any CPU
	EndGlobalSection
	GlobalSection(ProjectConfigurationPlatforms) = postSolution
		{07D71D0B-BA17-44F1-8FFF-C2B741E17269}.Debug|Any CPU.ActiveCfg = Debug|Any CPU
		{07D71D0B-BA17-44F1-8FFF-C2B741E17269}.Debug|Any CPU.Build.0 = Debug|Any CPU
		{07D71D0B-BA17-44F1-8FFF-C2B741E17269}.Release|Any CPU.ActiveCfg = Release|Any CPU
		{07D71D0B-BA17-44F1-8FFF-C2B741E17269}.Release|Any CPU.Build.0 = Release|Any CPU
		{B839BBB5-761F-4E69-8E5B-8CA803354E6C}.Debug|Any CPU.ActiveCfg = Debug|Any CPU
		{B839BBB5-761F-4E69-8E5B-8CA803354E6C}.Debug|Any CPU.Build.0 = Debug|Any CPU
		{B839BBB5-761F-4E69-8E5B-8CA803354E6C}.Release|Any CPU.ActiveCfg = Release|Any CPU
		{B839BBB5-761F-4E69-8E5B-8CA803354E6C}.Release|Any CPU.Build.0 = Release|Any CPU
		{C0F81DFA-346E-4077-AA82-B293871F0AAB}.Debug|Any CPU.ActiveCfg = Debug|Any CPU
		{C0F81DFA-346E-4077-AA82-B293871F0AAB}.Debug|Any CPU.Build.0 = Debug|Any CPU
		{C0F81DFA-346E-4077-AA82-B293871F0AAB}.Release|Any CPU.ActiveCfg = Release|Any CPU
		{C0F81DFA-346E-4077-AA82-B293871F0AAB}.Release|Any CPU.Build.0 = Release|Any CPU
		{EF5EECB1-2144-410B-B66C-733294559E43}.Debug|Any CPU.ActiveCfg = Debug|Any CPU
		{EF5EECB1-2144-410B-B66C-733294559E43}.Debug|Any CPU.Build.0 = Debug|Any CPU
		{EF5EECB1-2144-410B-B66C-733294559E43}.Release|Any CPU.ActiveCfg = Release|Any CPU
		{EF5EECB1-2144-410B-B66C-733294559E43}.Release|Any CPU.Build.0 = Release|Any CPU
		{0DE5AFEF-7A37-467A-A103-69026D35AC9F}.Debug|Any CPU.ActiveCfg = Debug|Any CPU
		{0DE5AFEF-7A37-467A-A103-69026D35AC9F}.Debug|Any CPU.Build.0 = Debug|Any CPU
		{0DE5AFEF-7A37-467A-A103-69026D35AC9F}.Release|Any CPU.ActiveCfg = Release|Any CPU
		{0DE5AFEF-7A37-467A-A103-69026D35AC9F}.Release|Any CPU.Build.0 = Release|Any CPU
		{AB65399F-C825-432D-8F3F-DDC96EF65541}.Debug|Any CPU.ActiveCfg = Debug|Any CPU
		{AB65399F-C825-432D-8F3F-DDC96EF65541}.Debug|Any CPU.Build.0 = Debug|Any CPU
		{AB65399F-C825-432D-8F3F-DDC96EF65541}.Release|Any CPU.ActiveCfg = Release|Any CPU
		{AB65399F-C825-432D-8F3F-DDC96EF65541}.Release|Any CPU.Build.0 = Release|Any CPU
		{08968EE2-E875-46D0-A13D-F76B809F986C}.Debug|Any CPU.ActiveCfg = Debug|Any CPU
		{08968EE2-E875-46D0-A13D-F76B809F986C}.Debug|Any CPU.Build.0 = Debug|Any CPU
		{08968EE2-E875-46D0-A13D-F76B809F986C}.Release|Any CPU.ActiveCfg = Release|Any CPU
		{08968EE2-E875-46D0-A13D-F76B809F986C}.Release|Any CPU.Build.0 = Release|Any CPU
	EndGlobalSection
	GlobalSection(SolutionProperties) = preSolution
		HideSolutionNode = FALSE
	EndGlobalSection
	GlobalSection(NestedProjects) = preSolution
		{07D71D0B-BA17-44F1-8FFF-C2B741E17269} = {58D2E262-1F20-43F5-BC1F-C0C47B0BEEFE}
		{B839BBB5-761F-4E69-8E5B-8CA803354E6C} = {6411121D-3224-4955-9A54-7C8ED1410E76}
		{C0F81DFA-346E-4077-AA82-B293871F0AAB} = {6411121D-3224-4955-9A54-7C8ED1410E76}
		{EF5EECB1-2144-410B-B66C-733294559E43} = {CF80AF59-A9BB-4789-B7B6-B7A45FF38B79}
		{0DE5AFEF-7A37-467A-A103-69026D35AC9F} = {CF80AF59-A9BB-4789-B7B6-B7A45FF38B79}
		{AB65399F-C825-432D-8F3F-DDC96EF65541} = {CF80AF59-A9BB-4789-B7B6-B7A45FF38B79}
		{08968EE2-E875-46D0-A13D-F76B809F986C} = {CF80AF59-A9BB-4789-B7B6-B7A45FF38B79}
	EndGlobalSection
	GlobalSection(ExtensibilityGlobals) = postSolution
		SolutionGuid = {E9DB9841-3CEE-4B55-BC2B-2FCAEB4F142B}
	EndGlobalSection
EndGlobal
