
Microsoft Visual Studio Solution File, Format Version 12.00
# Visual Studio Version 16
VisualStudioVersion = 16.0.31911.196
MinimumVisualStudioVersion = 10.0.40219.1
Project("{FAE04EC0-301F-11D3-BF4B-00C04F79EFBC}") = "Smartium.Web", "Smartium.Web\Smartium.Web.csproj", "{07D71D0B-BA17-44F1-8FFF-C2B741E17269}"
EndProject
Global
	GlobalSection(SolutionConfigurationPlatforms) = preSolution
		Debug|Any CPU = Debug|Any CPU
		Release|Any CPU = Release|Any CPU
	EndGlobalSection
	GlobalSection(ProjectConfigurationPlatforms) = postSolution
		{07D71D0B-BA17-44F1-8FFF-C2B741E17269}.Debug|Any CPU.ActiveCfg = Debug|Any CPU
		{07D71D0B-BA17-44F1-8FFF-C2B741E17269}.Debug|Any CPU.Build.0 = Debug|Any CPU
		{07D71D0B-BA17-44F1-8FFF-C2B741E17269}.Release|Any CPU.ActiveCfg = Release|Any CPU
		{07D71D0B-BA17-44F1-8FFF-C2B741E17269}.Release|Any CPU.Build.0 = Release|Any CPU
	EndGlobalSection
	GlobalSection(SolutionProperties) = preSolution
		HideSolutionNode = FALSE
	EndGlobalSection
	GlobalSection(ExtensibilityGlobals) = postSolution
		SolutionGuid = {E9DB9841-3CEE-4B55-BC2B-2FCAEB4F142B}
	EndGlobalSection
EndGlobal
